
Microsoft Visual Studio Solution File, Format Version 12.00
# Visual Studio Version 16
VisualStudioVersion = 16.0.29920.165
MinimumVisualStudioVersion = 15.0.26124.0
Project("{2150E333-8FDC-42A3-9474-1A3956D46DE8}") = "tests", "tests", "{F1A48314-DFC9-4924-9ADE-180A8185EA5A}"
EndProject
Project("{9A19103F-16F7-4668-BE54-9A1E7A4F7556}") = "DextroLevo.Template.Services.Performance", "tests\DextroLevo.Template.Services.Performance\DextroLevo.Template.Services.Performance.csproj", "{37498F7F-C2A8-4C0C-AA46-901AE39B1A52}"
EndProject
Project("{9A19103F-16F7-4668-BE54-9A1E7A4F7556}") = "DextroLevo.Template.Services.Unit", "tests\DextroLevo.Template.Services.Unit\DextroLevo.Template.Services.Unit.csproj", "{2E1EF09F-6EA8-476B-A63B-C9487270CA82}"
EndProject
Project("{9A19103F-16F7-4668-BE54-9A1E7A4F7556}") = "DextroLevo.Template.Web.Integration", "tests\DextroLevo.Template.Web.Integration\DextroLevo.Template.Web.Integration.csproj", "{D6F8D003-5B6A-4DF5-9709-E09B749064C4}"
EndProject
Project("{2150E333-8FDC-42A3-9474-1A3956D46DE8}") = "src", "src", "{3BE56A18-0326-41D0-9588-A120B135CBB2}"
EndProject
Project("{9A19103F-16F7-4668-BE54-9A1E7A4F7556}") = "DextroLevo.Template.ExternalWebServices", "src\DataAccess\DextroLevo.Template.ExternalWebServices\DextroLevo.Template.ExternalWebServices.csproj", "{5FF54E7D-CE6D-4024-95D8-1571D116216B}"
EndProject
Project("{00D1A9C2-B5F0-4AF3-8072-F6C62B433612}") = "DextroLevo.Template.Database.Schema", "src\DataAccess\DextroLevo.Template.Database.Schema\DextroLevo.Template.Database.Schema.sqlproj", "{D0B6C738-98E1-433F-89C2-C40EE98C72A4}"
EndProject
Project("{9A19103F-16F7-4668-BE54-9A1E7A4F7556}") = "DextroLevo.Template.Database.Entities", "src\DataAccess\DextroLevo.Template.Database.Entities\DextroLevo.Template.Database.Entities.csproj", "{0FD2AC3C-BB36-41AC-87E2-A922064D7494}"
EndProject
Project("{9A19103F-16F7-4668-BE54-9A1E7A4F7556}") = "DextroLevo.Template.Database.Repository", "src\DataAccess\DextroLevo.Template.Database.Repository\DextroLevo.Template.Database.Repository.csproj", "{3973D8BF-F2C0-4D48-93B0-BB0CBBC765DA}"
EndProject
Project("{9A19103F-16F7-4668-BE54-9A1E7A4F7556}") = "DextroLevo.Template.Services.Alpha", "src\Services\DextroLevo.Template.Services.Alpha\DextroLevo.Template.Services.Alpha.csproj", "{CD605EC8-7167-41C3-983E-762C66077FD5}"
EndProject
Project("{9A19103F-16F7-4668-BE54-9A1E7A4F7556}") = "DextroLevo.Template.Services.Bravo", "src\Services\DextroLevo.Template.Services.Bravo\DextroLevo.Template.Services.Bravo.csproj", "{22BA1FBB-AAD7-41D4-A630-FBE58C92839B}"
EndProject
Project("{9A19103F-16F7-4668-BE54-9A1E7A4F7556}") = "DextroLevo.Template.Web.Alpha", "src\Web\DextroLevo.Template.Web.Alpha\DextroLevo.Template.Web.Alpha.csproj", "{9C96275B-F000-4189-9496-C5745F9782EB}"
EndProject
Project("{9A19103F-16F7-4668-BE54-9A1E7A4F7556}") = "DextroLevo.Template.Web.Bravo", "src\Web\DextroLevo.Template.Web.Bravo\DextroLevo.Template.Web.Bravo.csproj", "{EE37E49F-8E0D-4F7C-9631-DAAB7EA80E4F}"
EndProject
Project("{9A19103F-16F7-4668-BE54-9A1E7A4F7556}") = "DextroLevo.Template.Web.Root", "src\Web\DextroLevo.Template.Web.Root\DextroLevo.Template.Web.Root.csproj", "{6FA45F72-2C66-4DEA-A634-7749D1D9F605}"
EndProject
Project("{9A19103F-16F7-4668-BE54-9A1E7A4F7556}") = "DextroLevo.Template.Web.Common", "src\Web\DextroLevo.Template.Web.Common\DextroLevo.Template.Web.Common.csproj", "{6B910B0A-3926-472A-AA19-01F7016F0C2F}"
EndProject
Project("{9A19103F-16F7-4668-BE54-9A1E7A4F7556}") = "DextroLevo.Template.Services.Common", "src\Services\DextroLevo.Template.Services.Common\DextroLevo.Template.Services.Common.csproj", "{168DB868-FAC0-4D22-B44D-66B00A86495D}"
EndProject
Global
	GlobalSection(SolutionConfigurationPlatforms) = preSolution
		Debug|Any CPU = Debug|Any CPU
		Debug|x64 = Debug|x64
		Debug|x86 = Debug|x86
		Release|Any CPU = Release|Any CPU
		Release|x64 = Release|x64
		Release|x86 = Release|x86
	EndGlobalSection
	GlobalSection(ProjectConfigurationPlatforms) = postSolution
		{37498F7F-C2A8-4C0C-AA46-901AE39B1A52}.Debug|Any CPU.ActiveCfg = Debug|Any CPU
		{37498F7F-C2A8-4C0C-AA46-901AE39B1A52}.Debug|Any CPU.Build.0 = Debug|Any CPU
		{37498F7F-C2A8-4C0C-AA46-901AE39B1A52}.Debug|x64.ActiveCfg = Debug|Any CPU
		{37498F7F-C2A8-4C0C-AA46-901AE39B1A52}.Debug|x64.Build.0 = Debug|Any CPU
		{37498F7F-C2A8-4C0C-AA46-901AE39B1A52}.Debug|x86.ActiveCfg = Debug|Any CPU
		{37498F7F-C2A8-4C0C-AA46-901AE39B1A52}.Debug|x86.Build.0 = Debug|Any CPU
		{37498F7F-C2A8-4C0C-AA46-901AE39B1A52}.Release|Any CPU.ActiveCfg = Release|Any CPU
		{37498F7F-C2A8-4C0C-AA46-901AE39B1A52}.Release|Any CPU.Build.0 = Release|Any CPU
		{37498F7F-C2A8-4C0C-AA46-901AE39B1A52}.Release|x64.ActiveCfg = Release|Any CPU
		{37498F7F-C2A8-4C0C-AA46-901AE39B1A52}.Release|x64.Build.0 = Release|Any CPU
		{37498F7F-C2A8-4C0C-AA46-901AE39B1A52}.Release|x86.ActiveCfg = Release|Any CPU
		{37498F7F-C2A8-4C0C-AA46-901AE39B1A52}.Release|x86.Build.0 = Release|Any CPU
		{2E1EF09F-6EA8-476B-A63B-C9487270CA82}.Debug|Any CPU.ActiveCfg = Debug|Any CPU
		{2E1EF09F-6EA8-476B-A63B-C9487270CA82}.Debug|Any CPU.Build.0 = Debug|Any CPU
		{2E1EF09F-6EA8-476B-A63B-C9487270CA82}.Debug|x64.ActiveCfg = Debug|Any CPU
		{2E1EF09F-6EA8-476B-A63B-C9487270CA82}.Debug|x64.Build.0 = Debug|Any CPU
		{2E1EF09F-6EA8-476B-A63B-C9487270CA82}.Debug|x86.ActiveCfg = Debug|Any CPU
		{2E1EF09F-6EA8-476B-A63B-C9487270CA82}.Debug|x86.Build.0 = Debug|Any CPU
		{2E1EF09F-6EA8-476B-A63B-C9487270CA82}.Release|Any CPU.ActiveCfg = Release|Any CPU
		{2E1EF09F-6EA8-476B-A63B-C9487270CA82}.Release|Any CPU.Build.0 = Release|Any CPU
		{2E1EF09F-6EA8-476B-A63B-C9487270CA82}.Release|x64.ActiveCfg = Release|Any CPU
		{2E1EF09F-6EA8-476B-A63B-C9487270CA82}.Release|x64.Build.0 = Release|Any CPU
		{2E1EF09F-6EA8-476B-A63B-C9487270CA82}.Release|x86.ActiveCfg = Release|Any CPU
		{2E1EF09F-6EA8-476B-A63B-C9487270CA82}.Release|x86.Build.0 = Release|Any CPU
		{D6F8D003-5B6A-4DF5-9709-E09B749064C4}.Debug|Any CPU.ActiveCfg = Debug|Any CPU
		{D6F8D003-5B6A-4DF5-9709-E09B749064C4}.Debug|Any CPU.Build.0 = Debug|Any CPU
		{D6F8D003-5B6A-4DF5-9709-E09B749064C4}.Debug|x64.ActiveCfg = Debug|Any CPU
		{D6F8D003-5B6A-4DF5-9709-E09B749064C4}.Debug|x64.Build.0 = Debug|Any CPU
		{D6F8D003-5B6A-4DF5-9709-E09B749064C4}.Debug|x86.ActiveCfg = Debug|Any CPU
		{D6F8D003-5B6A-4DF5-9709-E09B749064C4}.Debug|x86.Build.0 = Debug|Any CPU
		{D6F8D003-5B6A-4DF5-9709-E09B749064C4}.Release|Any CPU.ActiveCfg = Release|Any CPU
		{D6F8D003-5B6A-4DF5-9709-E09B749064C4}.Release|Any CPU.Build.0 = Release|Any CPU
		{D6F8D003-5B6A-4DF5-9709-E09B749064C4}.Release|x64.ActiveCfg = Release|Any CPU
		{D6F8D003-5B6A-4DF5-9709-E09B749064C4}.Release|x64.Build.0 = Release|Any CPU
		{D6F8D003-5B6A-4DF5-9709-E09B749064C4}.Release|x86.ActiveCfg = Release|Any CPU
		{D6F8D003-5B6A-4DF5-9709-E09B749064C4}.Release|x86.Build.0 = Release|Any CPU
		{5FF54E7D-CE6D-4024-95D8-1571D116216B}.Debug|Any CPU.ActiveCfg = Debug|Any CPU
		{5FF54E7D-CE6D-4024-95D8-1571D116216B}.Debug|Any CPU.Build.0 = Debug|Any CPU
		{5FF54E7D-CE6D-4024-95D8-1571D116216B}.Debug|x64.ActiveCfg = Debug|Any CPU
		{5FF54E7D-CE6D-4024-95D8-1571D116216B}.Debug|x64.Build.0 = Debug|Any CPU
		{5FF54E7D-CE6D-4024-95D8-1571D116216B}.Debug|x86.ActiveCfg = Debug|Any CPU
		{5FF54E7D-CE6D-4024-95D8-1571D116216B}.Debug|x86.Build.0 = Debug|Any CPU
		{5FF54E7D-CE6D-4024-95D8-1571D116216B}.Release|Any CPU.ActiveCfg = Release|Any CPU
		{5FF54E7D-CE6D-4024-95D8-1571D116216B}.Release|Any CPU.Build.0 = Release|Any CPU
		{5FF54E7D-CE6D-4024-95D8-1571D116216B}.Release|x64.ActiveCfg = Release|Any CPU
		{5FF54E7D-CE6D-4024-95D8-1571D116216B}.Release|x64.Build.0 = Release|Any CPU
		{5FF54E7D-CE6D-4024-95D8-1571D116216B}.Release|x86.ActiveCfg = Release|Any CPU
		{5FF54E7D-CE6D-4024-95D8-1571D116216B}.Release|x86.Build.0 = Release|Any CPU
		{D0B6C738-98E1-433F-89C2-C40EE98C72A4}.Debug|Any CPU.ActiveCfg = Debug|Any CPU
		{D0B6C738-98E1-433F-89C2-C40EE98C72A4}.Debug|Any CPU.Build.0 = Debug|Any CPU
		{D0B6C738-98E1-433F-89C2-C40EE98C72A4}.Debug|Any CPU.Deploy.0 = Debug|Any CPU
		{D0B6C738-98E1-433F-89C2-C40EE98C72A4}.Debug|x64.ActiveCfg = Debug|Any CPU
		{D0B6C738-98E1-433F-89C2-C40EE98C72A4}.Debug|x64.Build.0 = Debug|Any CPU
		{D0B6C738-98E1-433F-89C2-C40EE98C72A4}.Debug|x64.Deploy.0 = Debug|Any CPU
		{D0B6C738-98E1-433F-89C2-C40EE98C72A4}.Debug|x86.ActiveCfg = Debug|Any CPU
		{D0B6C738-98E1-433F-89C2-C40EE98C72A4}.Debug|x86.Build.0 = Debug|Any CPU
		{D0B6C738-98E1-433F-89C2-C40EE98C72A4}.Debug|x86.Deploy.0 = Debug|Any CPU
		{D0B6C738-98E1-433F-89C2-C40EE98C72A4}.Release|Any CPU.ActiveCfg = Release|Any CPU
		{D0B6C738-98E1-433F-89C2-C40EE98C72A4}.Release|Any CPU.Build.0 = Release|Any CPU
		{D0B6C738-98E1-433F-89C2-C40EE98C72A4}.Release|Any CPU.Deploy.0 = Release|Any CPU
		{D0B6C738-98E1-433F-89C2-C40EE98C72A4}.Release|x64.ActiveCfg = Release|Any CPU
		{D0B6C738-98E1-433F-89C2-C40EE98C72A4}.Release|x64.Build.0 = Release|Any CPU
		{D0B6C738-98E1-433F-89C2-C40EE98C72A4}.Release|x64.Deploy.0 = Release|Any CPU
		{D0B6C738-98E1-433F-89C2-C40EE98C72A4}.Release|x86.ActiveCfg = Release|Any CPU
		{D0B6C738-98E1-433F-89C2-C40EE98C72A4}.Release|x86.Build.0 = Release|Any CPU
		{D0B6C738-98E1-433F-89C2-C40EE98C72A4}.Release|x86.Deploy.0 = Release|Any CPU
		{0FD2AC3C-BB36-41AC-87E2-A922064D7494}.Debug|Any CPU.ActiveCfg = Debug|Any CPU
		{0FD2AC3C-BB36-41AC-87E2-A922064D7494}.Debug|Any CPU.Build.0 = Debug|Any CPU
		{0FD2AC3C-BB36-41AC-87E2-A922064D7494}.Debug|x64.ActiveCfg = Debug|Any CPU
		{0FD2AC3C-BB36-41AC-87E2-A922064D7494}.Debug|x64.Build.0 = Debug|Any CPU
		{0FD2AC3C-BB36-41AC-87E2-A922064D7494}.Debug|x86.ActiveCfg = Debug|Any CPU
		{0FD2AC3C-BB36-41AC-87E2-A922064D7494}.Debug|x86.Build.0 = Debug|Any CPU
		{0FD2AC3C-BB36-41AC-87E2-A922064D7494}.Release|Any CPU.ActiveCfg = Release|Any CPU
		{0FD2AC3C-BB36-41AC-87E2-A922064D7494}.Release|Any CPU.Build.0 = Release|Any CPU
		{0FD2AC3C-BB36-41AC-87E2-A922064D7494}.Release|x64.ActiveCfg = Release|Any CPU
		{0FD2AC3C-BB36-41AC-87E2-A922064D7494}.Release|x64.Build.0 = Release|Any CPU
		{0FD2AC3C-BB36-41AC-87E2-A922064D7494}.Release|x86.ActiveCfg = Release|Any CPU
		{0FD2AC3C-BB36-41AC-87E2-A922064D7494}.Release|x86.Build.0 = Release|Any CPU
		{3973D8BF-F2C0-4D48-93B0-BB0CBBC765DA}.Debug|Any CPU.ActiveCfg = Debug|Any CPU
		{3973D8BF-F2C0-4D48-93B0-BB0CBBC765DA}.Debug|Any CPU.Build.0 = Debug|Any CPU
		{3973D8BF-F2C0-4D48-93B0-BB0CBBC765DA}.Debug|x64.ActiveCfg = Debug|Any CPU
		{3973D8BF-F2C0-4D48-93B0-BB0CBBC765DA}.Debug|x64.Build.0 = Debug|Any CPU
		{3973D8BF-F2C0-4D48-93B0-BB0CBBC765DA}.Debug|x86.ActiveCfg = Debug|Any CPU
		{3973D8BF-F2C0-4D48-93B0-BB0CBBC765DA}.Debug|x86.Build.0 = Debug|Any CPU
		{3973D8BF-F2C0-4D48-93B0-BB0CBBC765DA}.Release|Any CPU.ActiveCfg = Release|Any CPU
		{3973D8BF-F2C0-4D48-93B0-BB0CBBC765DA}.Release|Any CPU.Build.0 = Release|Any CPU
		{3973D8BF-F2C0-4D48-93B0-BB0CBBC765DA}.Release|x64.ActiveCfg = Release|Any CPU
		{3973D8BF-F2C0-4D48-93B0-BB0CBBC765DA}.Release|x64.Build.0 = Release|Any CPU
		{3973D8BF-F2C0-4D48-93B0-BB0CBBC765DA}.Release|x86.ActiveCfg = Release|Any CPU
		{3973D8BF-F2C0-4D48-93B0-BB0CBBC765DA}.Release|x86.Build.0 = Release|Any CPU
		{CD605EC8-7167-41C3-983E-762C66077FD5}.Debug|Any CPU.ActiveCfg = Debug|Any CPU
		{CD605EC8-7167-41C3-983E-762C66077FD5}.Debug|Any CPU.Build.0 = Debug|Any CPU
		{CD605EC8-7167-41C3-983E-762C66077FD5}.Debug|x64.ActiveCfg = Debug|Any CPU
		{CD605EC8-7167-41C3-983E-762C66077FD5}.Debug|x64.Build.0 = Debug|Any CPU
		{CD605EC8-7167-41C3-983E-762C66077FD5}.Debug|x86.ActiveCfg = Debug|Any CPU
		{CD605EC8-7167-41C3-983E-762C66077FD5}.Debug|x86.Build.0 = Debug|Any CPU
		{CD605EC8-7167-41C3-983E-762C66077FD5}.Release|Any CPU.ActiveCfg = Release|Any CPU
		{CD605EC8-7167-41C3-983E-762C66077FD5}.Release|Any CPU.Build.0 = Release|Any CPU
		{CD605EC8-7167-41C3-983E-762C66077FD5}.Release|x64.ActiveCfg = Release|Any CPU
		{CD605EC8-7167-41C3-983E-762C66077FD5}.Release|x64.Build.0 = Release|Any CPU
		{CD605EC8-7167-41C3-983E-762C66077FD5}.Release|x86.ActiveCfg = Release|Any CPU
		{CD605EC8-7167-41C3-983E-762C66077FD5}.Release|x86.Build.0 = Release|Any CPU
		{22BA1FBB-AAD7-41D4-A630-FBE58C92839B}.Debug|Any CPU.ActiveCfg = Debug|Any CPU
		{22BA1FBB-AAD7-41D4-A630-FBE58C92839B}.Debug|Any CPU.Build.0 = Debug|Any CPU
		{22BA1FBB-AAD7-41D4-A630-FBE58C92839B}.Debug|x64.ActiveCfg = Debug|Any CPU
		{22BA1FBB-AAD7-41D4-A630-FBE58C92839B}.Debug|x64.Build.0 = Debug|Any CPU
		{22BA1FBB-AAD7-41D4-A630-FBE58C92839B}.Debug|x86.ActiveCfg = Debug|Any CPU
		{22BA1FBB-AAD7-41D4-A630-FBE58C92839B}.Debug|x86.Build.0 = Debug|Any CPU
		{22BA1FBB-AAD7-41D4-A630-FBE58C92839B}.Release|Any CPU.ActiveCfg = Release|Any CPU
		{22BA1FBB-AAD7-41D4-A630-FBE58C92839B}.Release|Any CPU.Build.0 = Release|Any CPU
		{22BA1FBB-AAD7-41D4-A630-FBE58C92839B}.Release|x64.ActiveCfg = Release|Any CPU
		{22BA1FBB-AAD7-41D4-A630-FBE58C92839B}.Release|x64.Build.0 = Release|Any CPU
		{22BA1FBB-AAD7-41D4-A630-FBE58C92839B}.Release|x86.ActiveCfg = Release|Any CPU
		{22BA1FBB-AAD7-41D4-A630-FBE58C92839B}.Release|x86.Build.0 = Release|Any CPU
		{9C96275B-F000-4189-9496-C5745F9782EB}.Debug|Any CPU.ActiveCfg = Debug|Any CPU
		{9C96275B-F000-4189-9496-C5745F9782EB}.Debug|Any CPU.Build.0 = Debug|Any CPU
		{9C96275B-F000-4189-9496-C5745F9782EB}.Debug|x64.ActiveCfg = Debug|Any CPU
		{9C96275B-F000-4189-9496-C5745F9782EB}.Debug|x64.Build.0 = Debug|Any CPU
		{9C96275B-F000-4189-9496-C5745F9782EB}.Debug|x86.ActiveCfg = Debug|Any CPU
		{9C96275B-F000-4189-9496-C5745F9782EB}.Debug|x86.Build.0 = Debug|Any CPU
		{9C96275B-F000-4189-9496-C5745F9782EB}.Release|Any CPU.ActiveCfg = Release|Any CPU
		{9C96275B-F000-4189-9496-C5745F9782EB}.Release|Any CPU.Build.0 = Release|Any CPU
		{9C96275B-F000-4189-9496-C5745F9782EB}.Release|x64.ActiveCfg = Release|Any CPU
		{9C96275B-F000-4189-9496-C5745F9782EB}.Release|x64.Build.0 = Release|Any CPU
		{9C96275B-F000-4189-9496-C5745F9782EB}.Release|x86.ActiveCfg = Release|Any CPU
		{9C96275B-F000-4189-9496-C5745F9782EB}.Release|x86.Build.0 = Release|Any CPU
		{EE37E49F-8E0D-4F7C-9631-DAAB7EA80E4F}.Debug|Any CPU.ActiveCfg = Debug|Any CPU
		{EE37E49F-8E0D-4F7C-9631-DAAB7EA80E4F}.Debug|Any CPU.Build.0 = Debug|Any CPU
		{EE37E49F-8E0D-4F7C-9631-DAAB7EA80E4F}.Debug|x64.ActiveCfg = Debug|Any CPU
		{EE37E49F-8E0D-4F7C-9631-DAAB7EA80E4F}.Debug|x64.Build.0 = Debug|Any CPU
		{EE37E49F-8E0D-4F7C-9631-DAAB7EA80E4F}.Debug|x86.ActiveCfg = Debug|Any CPU
		{EE37E49F-8E0D-4F7C-9631-DAAB7EA80E4F}.Debug|x86.Build.0 = Debug|Any CPU
		{EE37E49F-8E0D-4F7C-9631-DAAB7EA80E4F}.Release|Any CPU.ActiveCfg = Release|Any CPU
		{EE37E49F-8E0D-4F7C-9631-DAAB7EA80E4F}.Release|Any CPU.Build.0 = Release|Any CPU
		{EE37E49F-8E0D-4F7C-9631-DAAB7EA80E4F}.Release|x64.ActiveCfg = Release|Any CPU
		{EE37E49F-8E0D-4F7C-9631-DAAB7EA80E4F}.Release|x64.Build.0 = Release|Any CPU
		{EE37E49F-8E0D-4F7C-9631-DAAB7EA80E4F}.Release|x86.ActiveCfg = Release|Any CPU
		{EE37E49F-8E0D-4F7C-9631-DAAB7EA80E4F}.Release|x86.Build.0 = Release|Any CPU
		{6FA45F72-2C66-4DEA-A634-7749D1D9F605}.Debug|Any CPU.ActiveCfg = Debug|Any CPU
		{6FA45F72-2C66-4DEA-A634-7749D1D9F605}.Debug|Any CPU.Build.0 = Debug|Any CPU
		{6FA45F72-2C66-4DEA-A634-7749D1D9F605}.Debug|x64.ActiveCfg = Debug|Any CPU
		{6FA45F72-2C66-4DEA-A634-7749D1D9F605}.Debug|x64.Build.0 = Debug|Any CPU
		{6FA45F72-2C66-4DEA-A634-7749D1D9F605}.Debug|x86.ActiveCfg = Debug|Any CPU
		{6FA45F72-2C66-4DEA-A634-7749D1D9F605}.Debug|x86.Build.0 = Debug|Any CPU
		{6FA45F72-2C66-4DEA-A634-7749D1D9F605}.Release|Any CPU.ActiveCfg = Release|Any CPU
		{6FA45F72-2C66-4DEA-A634-7749D1D9F605}.Release|Any CPU.Build.0 = Release|Any CPU
		{6FA45F72-2C66-4DEA-A634-7749D1D9F605}.Release|x64.ActiveCfg = Release|Any CPU
		{6FA45F72-2C66-4DEA-A634-7749D1D9F605}.Release|x64.Build.0 = Release|Any CPU
		{6FA45F72-2C66-4DEA-A634-7749D1D9F605}.Release|x86.ActiveCfg = Release|Any CPU
		{6FA45F72-2C66-4DEA-A634-7749D1D9F605}.Release|x86.Build.0 = Release|Any CPU
		{6B910B0A-3926-472A-AA19-01F7016F0C2F}.Debug|Any CPU.ActiveCfg = Debug|Any CPU
		{6B910B0A-3926-472A-AA19-01F7016F0C2F}.Debug|Any CPU.Build.0 = Debug|Any CPU
		{6B910B0A-3926-472A-AA19-01F7016F0C2F}.Debug|x64.ActiveCfg = Debug|Any CPU
		{6B910B0A-3926-472A-AA19-01F7016F0C2F}.Debug|x64.Build.0 = Debug|Any CPU
		{6B910B0A-3926-472A-AA19-01F7016F0C2F}.Debug|x86.ActiveCfg = Debug|Any CPU
		{6B910B0A-3926-472A-AA19-01F7016F0C2F}.Debug|x86.Build.0 = Debug|Any CPU
		{6B910B0A-3926-472A-AA19-01F7016F0C2F}.Release|Any CPU.ActiveCfg = Release|Any CPU
		{6B910B0A-3926-472A-AA19-01F7016F0C2F}.Release|Any CPU.Build.0 = Release|Any CPU
		{6B910B0A-3926-472A-AA19-01F7016F0C2F}.Release|x64.ActiveCfg = Release|Any CPU
		{6B910B0A-3926-472A-AA19-01F7016F0C2F}.Release|x64.Build.0 = Release|Any CPU
		{6B910B0A-3926-472A-AA19-01F7016F0C2F}.Release|x86.ActiveCfg = Release|Any CPU
		{6B910B0A-3926-472A-AA19-01F7016F0C2F}.Release|x86.Build.0 = Release|Any CPU
		{168DB868-FAC0-4D22-B44D-66B00A86495D}.Debug|Any CPU.ActiveCfg = Debug|Any CPU
		{168DB868-FAC0-4D22-B44D-66B00A86495D}.Debug|Any CPU.Build.0 = Debug|Any CPU
		{168DB868-FAC0-4D22-B44D-66B00A86495D}.Debug|x64.ActiveCfg = Debug|Any CPU
		{168DB868-FAC0-4D22-B44D-66B00A86495D}.Debug|x64.Build.0 = Debug|Any CPU
		{168DB868-FAC0-4D22-B44D-66B00A86495D}.Debug|x86.ActiveCfg = Debug|Any CPU
		{168DB868-FAC0-4D22-B44D-66B00A86495D}.Debug|x86.Build.0 = Debug|Any CPU
		{168DB868-FAC0-4D22-B44D-66B00A86495D}.Release|Any CPU.ActiveCfg = Release|Any CPU
		{168DB868-FAC0-4D22-B44D-66B00A86495D}.Release|Any CPU.Build.0 = Release|Any CPU
		{168DB868-FAC0-4D22-B44D-66B00A86495D}.Release|x64.ActiveCfg = Release|Any CPU
		{168DB868-FAC0-4D22-B44D-66B00A86495D}.Release|x64.Build.0 = Release|Any CPU
		{168DB868-FAC0-4D22-B44D-66B00A86495D}.Release|x86.ActiveCfg = Release|Any CPU
		{168DB868-FAC0-4D22-B44D-66B00A86495D}.Release|x86.Build.0 = Release|Any CPU
	EndGlobalSection
	GlobalSection(SolutionProperties) = preSolution
		HideSolutionNode = FALSE
	EndGlobalSection
	GlobalSection(NestedProjects) = preSolution
		{37498F7F-C2A8-4C0C-AA46-901AE39B1A52} = {F1A48314-DFC9-4924-9ADE-180A8185EA5A}
		{2E1EF09F-6EA8-476B-A63B-C9487270CA82} = {F1A48314-DFC9-4924-9ADE-180A8185EA5A}
		{D6F8D003-5B6A-4DF5-9709-E09B749064C4} = {F1A48314-DFC9-4924-9ADE-180A8185EA5A}
		{5FF54E7D-CE6D-4024-95D8-1571D116216B} = {3BE56A18-0326-41D0-9588-A120B135CBB2}
		{D0B6C738-98E1-433F-89C2-C40EE98C72A4} = {3BE56A18-0326-41D0-9588-A120B135CBB2}
		{0FD2AC3C-BB36-41AC-87E2-A922064D7494} = {3BE56A18-0326-41D0-9588-A120B135CBB2}
		{3973D8BF-F2C0-4D48-93B0-BB0CBBC765DA} = {3BE56A18-0326-41D0-9588-A120B135CBB2}
		{CD605EC8-7167-41C3-983E-762C66077FD5} = {3BE56A18-0326-41D0-9588-A120B135CBB2}
		{22BA1FBB-AAD7-41D4-A630-FBE58C92839B} = {3BE56A18-0326-41D0-9588-A120B135CBB2}
		{9C96275B-F000-4189-9496-C5745F9782EB} = {3BE56A18-0326-41D0-9588-A120B135CBB2}
		{EE37E49F-8E0D-4F7C-9631-DAAB7EA80E4F} = {3BE56A18-0326-41D0-9588-A120B135CBB2}
		{6FA45F72-2C66-4DEA-A634-7749D1D9F605} = {3BE56A18-0326-41D0-9588-A120B135CBB2}
		{6B910B0A-3926-472A-AA19-01F7016F0C2F} = {3BE56A18-0326-41D0-9588-A120B135CBB2}
		{168DB868-FAC0-4D22-B44D-66B00A86495D} = {3BE56A18-0326-41D0-9588-A120B135CBB2}
	EndGlobalSection
	GlobalSection(ExtensibilityGlobals) = postSolution
		SolutionGuid = {9FCA9016-77D4-4FBD-A95D-0979F3F4AEAA}
	EndGlobalSection
EndGlobal
